
Microsoft Visual Studio Solution File, Format Version 12.00
# Visual Studio Version 17
VisualStudioVersion = 17.7.34202.233
MinimumVisualStudioVersion = 10.0.40219.1
Project("{FAE04EC0-301F-11D3-BF4B-00C04F79EFBC}") = "KienTraC#2", "KienTraC#2.csproj", "{CABF90A1-6C50-4640-901B-2797E74E1F47}"
EndProject
Global
	GlobalSection(SolutionConfigurationPlatforms) = preSolution
		Debug|Any CPU = Debug|Any CPU
		Release|Any CPU = Release|Any CPU
	EndGlobalSection
	GlobalSection(ProjectConfigurationPlatforms) = postSolution
		{CABF90A1-6C50-4640-901B-2797E74E1F47}.Debug|Any CPU.ActiveCfg = Debug|Any CPU
		{CABF90A1-6C50-4640-901B-2797E74E1F47}.Debug|Any CPU.Build.0 = Debug|Any CPU
		{CABF90A1-6C50-4640-901B-2797E74E1F47}.Release|Any CPU.ActiveCfg = Release|Any CPU
		{CABF90A1-6C50-4640-901B-2797E74E1F47}.Release|Any CPU.Build.0 = Release|Any CPU
	EndGlobalSection
	GlobalSection(SolutionProperties) = preSolution
		HideSolutionNode = FALSE
	EndGlobalSection
	GlobalSection(ExtensibilityGlobals) = postSolution
		SolutionGuid = {D4BC2AD8-6ED3-450B-BFFC-F4EF013F722E}
	EndGlobalSection
EndGlobal
